
Microsoft Visual Studio Solution File, Format Version 12.00
# Visual Studio 2013
VisualStudioVersion = 12.0.31101.0
MinimumVisualStudioVersion = 10.0.40219.1
Project("{FAE04EC0-301F-11D3-BF4B-00C04F79EFBC}") = "TestsToBeDistributed", "TestsToBeDistributed\TestsToBeDistributed.csproj", "{1C122F23-DD30-4206-B890-80F87F53B11D}"
EndProject
Project("{FAE04EC0-301F-11D3-BF4B-00C04F79EFBC}") = "TestRunController", "TestRunController\TestRunController.csproj", "{B2BDCF93-E0AC-4264-A0A6-8E1BBA3E5987}"
EndProject
Global
	GlobalSection(SolutionConfigurationPlatforms) = preSolution
		Debug|Any CPU = Debug|Any CPU
		Release|Any CPU = Release|Any CPU
	EndGlobalSection
	GlobalSection(ProjectConfigurationPlatforms) = postSolution
		{1C122F23-DD30-4206-B890-80F87F53B11D}.Debug|Any CPU.ActiveCfg = Debug|Any CPU
		{1C122F23-DD30-4206-B890-80F87F53B11D}.Debug|Any CPU.Build.0 = Debug|Any CPU
		{1C122F23-DD30-4206-B890-80F87F53B11D}.Release|Any CPU.ActiveCfg = Release|Any CPU
		{1C122F23-DD30-4206-B890-80F87F53B11D}.Release|Any CPU.Build.0 = Release|Any CPU
		{B2BDCF93-E0AC-4264-A0A6-8E1BBA3E5987}.Debug|Any CPU.ActiveCfg = Debug|Any CPU
		{B2BDCF93-E0AC-4264-A0A6-8E1BBA3E5987}.Debug|Any CPU.Build.0 = Debug|Any CPU
		{B2BDCF93-E0AC-4264-A0A6-8E1BBA3E5987}.Release|Any CPU.ActiveCfg = Release|Any CPU
		{B2BDCF93-E0AC-4264-A0A6-8E1BBA3E5987}.Release|Any CPU.Build.0 = Release|Any CPU
	EndGlobalSection
	GlobalSection(SolutionProperties) = preSolution
		HideSolutionNode = FALSE
	EndGlobalSection
EndGlobal
